
Microsoft Visual Studio Solution File, Format Version 12.00
# Visual Studio Version 17
VisualStudioVersion = 17.6.33829.357
MinimumVisualStudioVersion = 10.0.40219.1
Project("{FAE04EC0-301F-11D3-BF4B-00C04F79EFBC}") = "mehsulsatiwi", "mehsulsatiwi\mehsulsatiwi.csproj", "{4728AC88-D012-4F89-AC8F-EAD7E9D80C26}"
EndProject
Global
	GlobalSection(SolutionConfigurationPlatforms) = preSolution
		Debug|Any CPU = Debug|Any CPU
		Release|Any CPU = Release|Any CPU
	EndGlobalSection
	GlobalSection(ProjectConfigurationPlatforms) = postSolution
		{4728AC88-D012-4F89-AC8F-EAD7E9D80C26}.Debug|Any CPU.ActiveCfg = Debug|Any CPU
		{4728AC88-D012-4F89-AC8F-EAD7E9D80C26}.Debug|Any CPU.Build.0 = Debug|Any CPU
		{4728AC88-D012-4F89-AC8F-EAD7E9D80C26}.Release|Any CPU.ActiveCfg = Release|Any CPU
		{4728AC88-D012-4F89-AC8F-EAD7E9D80C26}.Release|Any CPU.Build.0 = Release|Any CPU
	EndGlobalSection
	GlobalSection(SolutionProperties) = preSolution
		HideSolutionNode = FALSE
	EndGlobalSection
	GlobalSection(ExtensibilityGlobals) = postSolution
		SolutionGuid = {71C23375-EDAA-4A07-9E97-DCE6D9AC1BFE}
	EndGlobalSection
EndGlobal
